
Microsoft Visual Studio Solution File, Format Version 12.00
# Visual Studio Version 17
VisualStudioVersion = 17.14.36705.20
MinimumVisualStudioVersion = 10.0.40219.1
Project("{FAE04EC0-301F-11D3-BF4B-00C04F79EFBC}") = "Implementador", "Implementador.csproj", "{899D6FBC-9060-475D-B2BC-9C2E6B4CFD8F}"
EndProject
Project("{FAE04EC0-301F-11D3-BF4B-00C04F79EFBC}") = "Implementador.Tests", "Implementador.Tests\Implementador.Tests.csproj", "{BCC805F6-2256-4ED8-8CF7-96CF8585F11F}"
EndProject
Global
	GlobalSection(SolutionConfigurationPlatforms) = preSolution
		Debug|Any CPU = Debug|Any CPU
		Debug|x64 = Debug|x64
		Debug|x86 = Debug|x86
		Release|Any CPU = Release|Any CPU
		Release|x64 = Release|x64
		Release|x86 = Release|x86
	EndGlobalSection
	GlobalSection(ProjectConfigurationPlatforms) = postSolution
		{899D6FBC-9060-475D-B2BC-9C2E6B4CFD8F}.Debug|Any CPU.ActiveCfg = Debug|Any CPU
		{899D6FBC-9060-475D-B2BC-9C2E6B4CFD8F}.Debug|Any CPU.Build.0 = Debug|Any CPU
		{899D6FBC-9060-475D-B2BC-9C2E6B4CFD8F}.Debug|x64.ActiveCfg = Debug|Any CPU
		{899D6FBC-9060-475D-B2BC-9C2E6B4CFD8F}.Debug|x64.Build.0 = Debug|Any CPU
		{899D6FBC-9060-475D-B2BC-9C2E6B4CFD8F}.Debug|x86.ActiveCfg = Debug|Any CPU
		{899D6FBC-9060-475D-B2BC-9C2E6B4CFD8F}.Debug|x86.Build.0 = Debug|Any CPU
		{899D6FBC-9060-475D-B2BC-9C2E6B4CFD8F}.Release|Any CPU.ActiveCfg = Release|Any CPU
		{899D6FBC-9060-475D-B2BC-9C2E6B4CFD8F}.Release|Any CPU.Build.0 = Release|Any CPU
		{899D6FBC-9060-475D-B2BC-9C2E6B4CFD8F}.Release|x64.ActiveCfg = Release|Any CPU
		{899D6FBC-9060-475D-B2BC-9C2E6B4CFD8F}.Release|x64.Build.0 = Release|Any CPU
		{899D6FBC-9060-475D-B2BC-9C2E6B4CFD8F}.Release|x86.ActiveCfg = Release|Any CPU
		{899D6FBC-9060-475D-B2BC-9C2E6B4CFD8F}.Release|x86.Build.0 = Release|Any CPU
		{BCC805F6-2256-4ED8-8CF7-96CF8585F11F}.Debug|Any CPU.ActiveCfg = Debug|Any CPU
		{BCC805F6-2256-4ED8-8CF7-96CF8585F11F}.Debug|Any CPU.Build.0 = Debug|Any CPU
		{BCC805F6-2256-4ED8-8CF7-96CF8585F11F}.Debug|x64.ActiveCfg = Debug|Any CPU
		{BCC805F6-2256-4ED8-8CF7-96CF8585F11F}.Debug|x64.Build.0 = Debug|Any CPU
		{BCC805F6-2256-4ED8-8CF7-96CF8585F11F}.Debug|x86.ActiveCfg = Debug|Any CPU
		{BCC805F6-2256-4ED8-8CF7-96CF8585F11F}.Debug|x86.Build.0 = Debug|Any CPU
		{BCC805F6-2256-4ED8-8CF7-96CF8585F11F}.Release|Any CPU.ActiveCfg = Release|Any CPU
		{BCC805F6-2256-4ED8-8CF7-96CF8585F11F}.Release|Any CPU.Build.0 = Release|Any CPU
		{BCC805F6-2256-4ED8-8CF7-96CF8585F11F}.Release|x64.ActiveCfg = Release|Any CPU
		{BCC805F6-2256-4ED8-8CF7-96CF8585F11F}.Release|x64.Build.0 = Release|Any CPU
		{BCC805F6-2256-4ED8-8CF7-96CF8585F11F}.Release|x86.ActiveCfg = Release|Any CPU
		{BCC805F6-2256-4ED8-8CF7-96CF8585F11F}.Release|x86.Build.0 = Release|Any CPU
	EndGlobalSection
	GlobalSection(SolutionProperties) = preSolution
		HideSolutionNode = FALSE
	EndGlobalSection
	GlobalSection(ExtensibilityGlobals) = postSolution
		SolutionGuid = {5C56C030-F953-4020-B04A-4C6B599B597E}
	EndGlobalSection
EndGlobal
